
Microsoft Visual Studio Solution File, Format Version 12.00
# Visual Studio Version 16
VisualStudioVersion = 16.0.31702.278
MinimumVisualStudioVersion = 10.0.40219.1
Project("{FAE04EC0-301F-11D3-BF4B-00C04F79EFBC}") = "OtoparkOtomasyonu", "OtoparkOtomasyonu\OtoparkOtomasyonu.csproj", "{61A76CCB-8AB5-4F24-8501-7BA5A14273AA}"
EndProject
Global
	GlobalSection(SolutionConfigurationPlatforms) = preSolution
		Debug|Any CPU = Debug|Any CPU
		Release|Any CPU = Release|Any CPU
	EndGlobalSection
	GlobalSection(ProjectConfigurationPlatforms) = postSolution
		{61A76CCB-8AB5-4F24-8501-7BA5A14273AA}.Debug|Any CPU.ActiveCfg = Debug|Any CPU
		{61A76CCB-8AB5-4F24-8501-7BA5A14273AA}.Debug|Any CPU.Build.0 = Debug|Any CPU
		{61A76CCB-8AB5-4F24-8501-7BA5A14273AA}.Release|Any CPU.ActiveCfg = Release|Any CPU
		{61A76CCB-8AB5-4F24-8501-7BA5A14273AA}.Release|Any CPU.Build.0 = Release|Any CPU
	EndGlobalSection
	GlobalSection(SolutionProperties) = preSolution
		HideSolutionNode = FALSE
	EndGlobalSection
	GlobalSection(ExtensibilityGlobals) = postSolution
		SolutionGuid = {B927CD85-0876-48F3-9971-3AB4351E4385}
	EndGlobalSection
EndGlobal
